// !$*UTF8*$!
{
	archiveVersion = 1;
	classes = {
	};
	objectVersion = 46;
	objects = {

/* Begin PBXBuildFile section */
		251222FF1DC1F346003E57B6 /* 123.html in Resources */ = {isa = PBXBuildFile; fileRef = 251222FD1DC1F345003E57B6 /* 123.html */; };
		251223001DC1F346003E57B6 /* 321.html in Resources */ = {isa = PBXBuildFile; fileRef = 251222FE1DC1F345003E57B6 /* 321.html */; };
		251223021DC1F629003E57B6 /* index.html in Resources */ = {isa = PBXBuildFile; fileRef = 251223011DC1F629003E57B6 /* index.html */; };
		254D0D6E1DC05CC7000F5303 /* main.m in Sources */ = {isa = PBXBuildFile; fileRef = 254D0D6D1DC05CC7000F5303 /* main.m */; };
		254D0D711DC05CC7000F5303 /* AppDelegate.m in Sources */ = {isa = PBXBuildFile; fileRef = 254D0D701DC05CC7000F5303 /* AppDelegate.m */; };
		254D0D741DC05CC7000F5303 /* ViewController.m in Sources */ = {isa = PBXBuildFile; fileRef = 254D0D731DC05CC7000F5303 /* ViewController.m */; };
		254D0D771DC05CC7000F5303 /* Main.storyboard in Resources */ = {isa = PBXBuildFile; fileRef = 254D0D751DC05CC7000F5303 /* Main.storyboard */; };
		254D0D791DC05CC7000F5303 /* Assets.xcassets in Resources */ = {isa = PBXBuildFile; fileRef = 254D0D781DC05CC7000F5303 /* Assets.xcassets */; };
		254D0D7C1DC05CC7000F5303 /* LaunchScreen.storyboard in Resources */ = {isa = PBXBuildFile; fileRef = 254D0D7A1DC05CC7000F5303 /* LaunchScreen.storyboard */; };
		254D0D861DC078A5000F5303 /* MainViewController.m in Sources */ = {isa = PBXBuildFile; fileRef = 254D0D851DC078A5000F5303 /* MainViewController.m */; };
		254D0D901DC0A4E7000F5303 /* CustomViewController.m in Sources */ = {isa = PBXBuildFile; fileRef = 254D0D8F1DC0A4E7000F5303 /* CustomViewController.m */; };
		254D0D931DC0A7CB000F5303 /* TestViewController.m in Sources */ = {isa = PBXBuildFile; fileRef = 254D0D921DC0A7CB000F5303 /* TestViewController.m */; };
/* End PBXBuildFile section */

/* Begin PBXFileReference section */
		251222FD1DC1F345003E57B6 /* 123.html */ = {isa = PBXFileReference; fileEncoding = 4; lastKnownFileType = text.html; path = 123.html; sourceTree = "<group>"; };
		251222FE1DC1F345003E57B6 /* 321.html */ = {isa = PBXFileReference; fileEncoding = 4; lastKnownFileType = text.html; path = 321.html; sourceTree = "<group>"; };
		251223011DC1F629003E57B6 /* index.html */ = {isa = PBXFileReference; fileEncoding = 4; lastKnownFileType = text.html; path = index.html; sourceTree = "<group>"; };
		254D0D691DC05CC7000F5303 /* AutorotateScreen.app */ = {isa = PBXFileReference; explicitFileType = wrapper.application; includeInIndex = 0; path = AutorotateScreen.app; sourceTree = BUILT_PRODUCTS_DIR; };
		254D0D6D1DC05CC7000F5303 /* main.m */ = {isa = PBXFileReference; lastKnownFileType = sourcecode.c.objc; path = main.m; sourceTree = "<group>"; };
		254D0D6F1DC05CC7000F5303 /* AppDelegate.h */ = {isa = PBXFileReference; lastKnownFileType = sourcecode.c.h; path = AppDelegate.h; sourceTree = "<group>"; };
		254D0D701DC05CC7000F5303 /* AppDelegate.m */ = {isa = PBXFileReference; lastKnownFileType = sourcecode.c.objc; path = AppDelegate.m; sourceTree = "<group>"; };
		254D0D721DC05CC7000F5303 /* ViewController.h */ = {isa = PBXFileReference; lastKnownFileType = sourcecode.c.h; path = ViewController.h; sourceTree = "<group>"; };
		254D0D731DC05CC7000F5303 /* ViewController.m */ = {isa = PBXFileReference; lastKnownFileType = sourcecode.c.objc; path = ViewController.m; sourceTree = "<group>"; };
		254D0D761DC05CC7000F5303 /* Base */ = {isa = PBXFileReference; lastKnownFileType = file.storyboard; name = Base; path = Base.lproj/Main.storyboard; sourceTree = "<group>"; };
		254D0D781DC05CC7000F5303 /* Assets.xcassets */ = {isa = PBXFileReference; lastKnownFileType = folder.assetcatalog; path = Assets.xcassets; sourceTree = "<group>"; };
		254D0D7B1DC05CC7000F5303 /* Base */ = {isa = PBXFileReference; lastKnownFileType = file.storyboard; name = Base; path = Base.lproj/LaunchScreen.storyboard; sourceTree = "<group>"; };
		254D0D7D1DC05CC7000F5303 /* Info.plist */ = {isa = PBXFileReference; lastKnownFileType = text.plist.xml; path = Info.plist; sourceTree = "<group>"; };
		254D0D841DC078A5000F5303 /* MainViewController.h */ = {isa = PBXFileReference; fileEncoding = 4; lastKnownFileType = sourcecode.c.h; path = MainViewController.h; sourceTree = "<group>"; };
		254D0D851DC078A5000F5303 /* MainViewController.m */ = {isa = PBXFileReference; fileEncoding = 4; lastKnownFileType = sourcecode.c.objc; path = MainViewController.m; sourceTree = "<group>"; };
		254D0D8E1DC0A4E7000F5303 /* CustomViewController.h */ = {isa = PBXFileReference; fileEncoding = 4; lastKnownFileType = sourcecode.c.h; path = CustomViewController.h; sourceTree = "<group>"; };
		254D0D8F1DC0A4E7000F5303 /* CustomViewController.m */ = {isa = PBXFileReference; fileEncoding = 4; lastKnownFileType = sourcecode.c.objc; path = CustomViewController.m; sourceTree = "<group>"; };
		254D0D911DC0A7CB000F5303 /* TestViewController.h */ = {isa = PBXFileReference; fileEncoding = 4; lastKnownFileType = sourcecode.c.h; path = TestViewController.h; sourceTree = "<group>"; };
		254D0D921DC0A7CB000F5303 /* TestViewController.m */ = {isa = PBXFileReference; fileEncoding = 4; lastKnownFileType = sourcecode.c.objc; path = TestViewController.m; sourceTree = "<group>"; };
/* End PBXFileReference section */

/* Begin PBXFrameworksBuildPhase section */
		254D0D661DC05CC7000F5303 /* Frameworks */ = {
			isa = PBXFrameworksBuildPhase;
			buildActionMask = 2147483647;
			files = (
			);
			runOnlyForDeploymentPostprocessing = 0;
		};
/* End PBXFrameworksBuildPhase section */

/* Begin PBXGroup section */
		254D0D601DC05CC7000F5303 = {
			isa = PBXGroup;
			children = (
				254D0D6B1DC05CC7000F5303 /* AutorotateScreen */,
				254D0D6A1DC05CC7000F5303 /* Products */,
			);
			sourceTree = "<group>";
		};
		254D0D6A1DC05CC7000F5303 /* Products */ = {
			isa = PBXGroup;
			children = (
				254D0D691DC05CC7000F5303 /* AutorotateScreen.app */,
			);
			name = Products;
			sourceTree = "<group>";
		};
		254D0D6B1DC05CC7000F5303 /* AutorotateScreen */ = {
			isa = PBXGroup;
			children = (
				254D0D871DC078AD000F5303 /* Main */,
				254D0D831DC05D95000F5303 /* Basic */,
				254D0D781DC05CC7000F5303 /* Assets.xcassets */,
				254D0D7A1DC05CC7000F5303 /* LaunchScreen.storyboard */,
				254D0D7D1DC05CC7000F5303 /* Info.plist */,
				254D0D6C1DC05CC7000F5303 /* Supporting Files */,
			);
			path = AutorotateScreen;
			sourceTree = "<group>";
		};
		254D0D6C1DC05CC7000F5303 /* Supporting Files */ = {
			isa = PBXGroup;
			children = (
				254D0D6D1DC05CC7000F5303 /* main.m */,
			);
			name = "Supporting Files";
			sourceTree = "<group>";
		};
		254D0D831DC05D95000F5303 /* Basic */ = {
			isa = PBXGroup;
			children = (
				254D0D6F1DC05CC7000F5303 /* AppDelegate.h */,
				254D0D701DC05CC7000F5303 /* AppDelegate.m */,
				254D0D721DC05CC7000F5303 /* ViewController.h */,
				254D0D731DC05CC7000F5303 /* ViewController.m */,
				254D0D751DC05CC7000F5303 /* Main.storyboard */,
			);
			name = Basic;
			sourceTree = "<group>";
		};
		254D0D871DC078AD000F5303 /* Main */ = {
			isa = PBXGroup;
			children = (
				251223011DC1F629003E57B6 /* index.html */,
				251222FD1DC1F345003E57B6 /* 123.html */,
				251222FE1DC1F345003E57B6 /* 321.html */,
				254D0D841DC078A5000F5303 /* MainViewController.h */,
				254D0D851DC078A5000F5303 /* MainViewController.m */,
				254D0D8E1DC0A4E7000F5303 /* CustomViewController.h */,
				254D0D8F1DC0A4E7000F5303 /* CustomViewController.m */,
				254D0D911DC0A7CB000F5303 /* TestViewController.h */,
				254D0D921DC0A7CB000F5303 /* TestViewController.m */,
			);
			name = Main;
			sourceTree = "<group>";
		};
/* End PBXGroup section */

/* Begin PBXNativeTarget section */
		254D0D681DC05CC7000F5303 /* AutorotateScreen */ = {
			isa = PBXNativeTarget;
			buildConfigurationList = 254D0D801DC05CC7000F5303 /* Build configuration list for PBXNativeTarget "AutorotateScreen" */;
			buildPhases = (
				254D0D651DC05CC7000F5303 /* Sources */,
				254D0D661DC05CC7000F5303 /* Frameworks */,
				254D0D671DC05CC7000F5303 /* Resources */,
			);
			buildRules = (
			);
			dependencies = (
			);
			name = AutorotateScreen;
			productName = AutorotateScreen;
			productReference = 254D0D691DC05CC7000F5303 /* AutorotateScreen.app */;
			productType = "com.apple.product-type.application";
		};
/* End PBXNativeTarget section */

/* Begin PBXProject section */
		254D0D611DC05CC7000F5303 /* Project object */ = {
			isa = PBXProject;
			attributes = {
				LastUpgradeCheck = 0730;
				ORGANIZATIONNAME = "王会洲";
				TargetAttributes = {
					254D0D681DC05CC7000F5303 = {
						CreatedOnToolsVersion = 7.3;
					};
				};
			};
			buildConfigurationList = 254D0D641DC05CC7000F5303 /* Build configuration list for PBXProject "AutorotateScreen" */;
			compatibilityVersion = "Xcode 3.2";
			developmentRegion = English;
			hasScannedForEncodings = 0;
			knownRegions = (
				en,
				Base,
			);
			mainGroup = 254D0D601DC05CC7000F5303;
			productRefGroup = 254D0D6A1DC05CC7000F5303 /* Products */;
			projectDirPath = "";
			projectRoot = "";
			targets = (
				254D0D681DC05CC7000F5303 /* AutorotateScreen */,
			);
		};
/* End PBXProject section */

/* Begin PBXResourcesBuildPhase section */
		254D0D671DC05CC7000F5303 /* Resources */ = {
			isa = PBXResourcesBuildPhase;
			buildActionMask = 2147483647;
			files = (
				254D0D7C1DC05CC7000F5303 /* LaunchScreen.storyboard in Resources */,
				251222FF1DC1F346003E57B6 /* 123.html in Resources */,
				254D0D791DC05CC7000F5303 /* Assets.xcassets in Resources */,
				251223021DC1F629003E57B6 /* index.html in Resources */,
				251223001DC1F346003E57B6 /* 321.html in Resources */,
				254D0D771DC05CC7000F5303 /* Main.storyboard in Resources */,
			);
			runOnlyForDeploymentPostprocessing = 0;
		};
/* End PBXResourcesBuildPhase section */

/* Begin PBXSourcesBuildPhase section */
		254D0D651DC05CC7000F5303 /* Sources */ = {
			isa = PBXSourcesBuildPhase;
			buildActionMask = 2147483647;
			files = (
				254D0D931DC0A7CB000F5303 /* TestViewController.m in Sources */,
				254D0D741DC05CC7000F5303 /* ViewController.m in Sources */,
				254D0D901DC0A4E7000F5303 /* CustomViewController.m in Sources */,
				254D0D711DC05CC7000F5303 /* AppDelegate.m in Sources */,
				254D0D6E1DC05CC7000F5303 /* main.m in Sources */,
				254D0D861DC078A5000F5303 /* MainViewController.m in Sources */,
			);
			runOnlyForDeploymentPostprocessing = 0;
		};
/* End PBXSourcesBuildPhase section */

/* Begin PBXVariantGroup section */
		254D0D751DC05CC7000F5303 /* Main.storyboard */ = {
			isa = PBXVariantGroup;
			children = (
				254D0D761DC05CC7000F5303 /* Base */,
			);
			name = Main.storyboard;
			sourceTree = "<group>";
		};
		254D0D7A1DC05CC7000F5303 /* LaunchScreen.storyboard */ = {
			isa = PBXVariantGroup;
			children = (
				254D0D7B1DC05CC7000F5303 /* Base */,
			);
			name = LaunchScreen.storyboard;
			sourceTree = "<group>";
		};
/* End PBXVariantGroup section */

/* Begin XCBuildConfiguration section */
		254D0D7E1DC05CC7000F5303 /* Debug */ = {
			isa = XCBuildConfiguration;
			buildSettings = {
				ALWAYS_SEARCH_USER_PATHS = NO;
				CLANG_ANALYZER_NONNULL = YES;
				CLANG_CXX_LANGUAGE_STANDARD = "gnu++0x";
				CLANG_CXX_LIBRARY = "libc++";
				CLANG_ENABLE_MODULES = YES;
				CLANG_ENABLE_OBJC_ARC = YES;
				CLANG_WARN_BOOL_CONVERSION = YES;
				CLANG_WARN_CONSTANT_CONVERSION = YES;
				CLANG_WARN_DIRECT_OBJC_ISA_USAGE = YES_ERROR;
				CLANG_WARN_EMPTY_BODY = YES;
				CLANG_WARN_ENUM_CONVERSION = YES;
				CLANG_WARN_INT_CONVERSION = YES;
				CLANG_WARN_OBJC_ROOT_CLASS = YES_ERROR;
				CLANG_WARN_UNREACHABLE_CODE = YES;
				CLANG_WARN__DUPLICATE_METHOD_MATCH = YES;
				"CODE_SIGN_IDENTITY[sdk=iphoneos*]" = "iPhone Developer";
				COPY_PHASE_STRIP = NO;
				DEBUG_INFORMATION_FORMAT = dwarf;
				ENABLE_STRICT_OBJC_MSGSEND = YES;
				ENABLE_TESTABILITY = YES;
				GCC_C_LANGUAGE_STANDARD = gnu99;
				GCC_DYNAMIC_NO_PIC = NO;
				GCC_NO_COMMON_BLOCKS = YES;
				GCC_OPTIMIZATION_LEVEL = 0;
				GCC_PREPROCESSOR_DEFINITIONS = (
					"DEBUG=1",
					"$(inherited)",
				);
				GCC_WARN_64_TO_32_BIT_CONVERSION = YES;
				GCC_WARN_ABOUT_RETURN_TYPE = YES_ERROR;
				GCC_WARN_UNDECLARED_SELECTOR = YES;
				GCC_WARN_UNINITIALIZED_AUTOS = YES_AGGRESSIVE;
				GCC_WARN_UNUSED_FUNCTION = YES;
				GCC_WARN_UNUSED_VARIABLE = YES;
				IPHONEOS_DEPLOYMENT_TARGET = 9.3;
				MTL_ENABLE_DEBUG_INFO = YES;
				ONLY_ACTIVE_ARCH = YES;
				SDKROOT = iphoneos;
			};
			name = Debug;
		};
		254D0D7F1DC05CC7000F5303 /* Release */ = {
			isa = XCBuildConfiguration;
			buildSettings = {
				ALWAYS_SEARCH_USER_PATHS = NO;
				CLANG_ANALYZER_NONNULL = YES;
				CLANG_CXX_LANGUAGE_STANDARD = "gnu++0x";
				CLANG_CXX_LIBRARY = "libc++";
				CLANG_ENABLE_MODULES = YES;
				CLANG_ENABLE_OBJC_ARC = YES;
				CLANG_WARN_BOOL_CONVERSION = YES;
				CLANG_WARN_CONSTANT_CONVERSION = YES;
				CLANG_WARN_DIRECT_OBJC_ISA_USAGE = YES_ERROR;
				CLANG_WARN_EMPTY_BODY = YES;
				CLANG_WARN_ENUM_CONVERSION = YES;
				CLANG_WARN_INT_CONVERSION = YES;
				CLANG_WARN_OBJC_ROOT_CLASS = YES_ERROR;
				CLANG_WARN_UNREACHABLE_CODE = YES;
				CLANG_WARN__DUPLICATE_METHOD_MATCH = YES;
				"CODE_SIGN_IDENTITY[sdk=iphoneos*]" = "iPhone Developer";
				COPY_PHASE_STRIP = NO;
				DEBUG_INFORMATION_FORMAT = "dwarf-with-dsym";
				ENABLE_NS_ASSERTIONS = NO;
				ENABLE_STRICT_OBJC_MSGSEND = YES;
				GCC_C_LANGUAGE_STANDARD = gnu99;
				GCC_NO_COMMON_BLOCKS = YES;
				GCC_WARN_64_TO_32_BIT_CONVERSION = YES;
				GCC_WARN_ABOUT_RETURN_TYPE = YES_ERROR;
				GCC_WARN_UNDECLARED_SELECTOR = YES;
				GCC_WARN_UNINITIALIZED_AUTOS = YES_AGGRESSIVE;
				GCC_WARN_UNUSED_FUNCTION = YES;
				GCC_WARN_UNUSED_VARIABLE = YES;
				IPHONEOS_DEPLOYMENT_TARGET = 9.3;
				MTL_ENABLE_DEBUG_INFO = NO;
				SDKROOT = iphoneos;
				VALIDATE_PRODUCT = YES;
			};
			name = Release;
		};
		254D0D811DC05CC7000F5303 /* Debug */ = {
			isa = XCBuildConfiguration;
			buildSettings = {
				ASSETCATALOG_COMPILER_APPICON_NAME = AppIcon;
				INFOPLIST_FILE = AutorotateScreen/Info.plist;
				IPHONEOS_DEPLOYMENT_TARGET = 8.0;
				LD_RUNPATH_SEARCH_PATHS = "$(inherited) @executable_path/Frameworks";
				PRODUCT_BUNDLE_IDENTIFIER = com.uknower.AutorotateScreen;
				PRODUCT_NAME = "$(TARGET_NAME)";
			};
			name = Debug;
		};
		254D0D821DC05CC7000F5303 /* Release */ = {
			isa = XCBuildConfiguration;
			buildSettings = {
				ASSETCATALOG_COMPILER_APPICON_NAME = AppIcon;
				INFOPLIST_FILE = AutorotateScreen/Info.plist;
				IPHONEOS_DEPLOYMENT_TARGET = 8.0;
				LD_RUNPATH_SEARCH_PATHS = "$(inherited) @executable_path/Frameworks";
				PRODUCT_BUNDLE_IDENTIFIER = com.uknower.AutorotateScreen;
				PRODUCT_NAME = "$(TARGET_NAME)";
			};
			name = Release;
		};
/* End XCBuildConfiguration section */

/* Begin XCConfigurationList section */
		254D0D641DC05CC7000F5303 /* Build configuration list for PBXProject "AutorotateScreen" */ = {
			isa = XCConfigurationList;
			buildConfigurations = (
				254D0D7E1DC05CC7000F5303 /* Debug */,
				254D0D7F1DC05CC7000F5303 /* Release */,
			);
			defaultConfigurationIsVisible = 0;
			defaultConfigurationName = Release;
		};
		254D0D801DC05CC7000F5303 /* Build configuration list for PBXNativeTarget "AutorotateScreen" */ = {
			isa = XCConfigurationList;
			buildConfigurations = (
				254D0D811DC05CC7000F5303 /* Debug */,
				254D0D821DC05CC7000F5303 /* Release */,
			);
			defaultConfigurationIsVisible = 0;
			defaultConfigurationName = Release;
		};
/* End XCConfigurationList section */
	};
	rootObject = 254D0D611DC05CC7000F5303 /* Project object */;
}
